
Microsoft Visual Studio Solution File, Format Version 12.00
# Visual Studio Version 16
VisualStudioVersion = 25.0.1703.8
MinimumVisualStudioVersion = 10.0.40219.1
Project("{FAE04EC0-301F-11D3-BF4B-00C04F79EFBC}") = "CS2Darray", "CS2Darray\CS2Darray.csproj", "{B1A55566-B8BA-4264-BDD7-C68690271691}"
EndProject
Global
	GlobalSection(SolutionConfigurationPlatforms) = preSolution
		Debug|Any CPU = Debug|Any CPU
		Release|Any CPU = Release|Any CPU
	EndGlobalSection
	GlobalSection(ProjectConfigurationPlatforms) = postSolution
		{B1A55566-B8BA-4264-BDD7-C68690271691}.Debug|Any CPU.ActiveCfg = Debug|Any CPU
		{B1A55566-B8BA-4264-BDD7-C68690271691}.Debug|Any CPU.Build.0 = Debug|Any CPU
		{B1A55566-B8BA-4264-BDD7-C68690271691}.Release|Any CPU.ActiveCfg = Release|Any CPU
		{B1A55566-B8BA-4264-BDD7-C68690271691}.Release|Any CPU.Build.0 = Release|Any CPU
	EndGlobalSection
	GlobalSection(SolutionProperties) = preSolution
		HideSolutionNode = FALSE
	EndGlobalSection
	GlobalSection(ExtensibilityGlobals) = postSolution
		SolutionGuid = {84A1ADBC-67FA-48AC-B464-9FFB4207D4A3}
	EndGlobalSection
EndGlobal
